
Microsoft Visual Studio Solution File, Format Version 12.00
# Visual Studio Version 16
VisualStudioVersion = 16.0.31005.135
MinimumVisualStudioVersion = 10.0.40219.1
Project("{9A19103F-16F7-4668-BE54-9A1E7A4F7556}") = "WorldOfExtreme.IdentityServer", "WorldOfExtreme.IdentityServer\WorldOfExtreme.IdentityServer.csproj", "{07545C09-A26D-447F-8CEE-F9565E3E3E07}"
EndProject
Project("{9A19103F-16F7-4668-BE54-9A1E7A4F7556}") = "WorldOfExtreme.Infrastructure", "WorldOfExtreme.Infrastructure\WorldOfExtreme.Infrastructure.csproj", "{1F48BB1A-BF9E-4A53-9348-28C9AE129778}"
EndProject
Project("{FAE04EC0-301F-11D3-BF4B-00C04F79EFBC}") = "WorldOfExtreme.Profile", "WorldOfExtreme.Profile\WorldOfExtreme.Profile.csproj", "{00818D1E-81B9-4993-AA29-1E069B2718DF}"
EndProject
Global
	GlobalSection(SolutionConfigurationPlatforms) = preSolution
		Debug|Any CPU = Debug|Any CPU
		Release|Any CPU = Release|Any CPU
	EndGlobalSection
	GlobalSection(ProjectConfigurationPlatforms) = postSolution
		{07545C09-A26D-447F-8CEE-F9565E3E3E07}.Debug|Any CPU.ActiveCfg = Debug|Any CPU
		{07545C09-A26D-447F-8CEE-F9565E3E3E07}.Debug|Any CPU.Build.0 = Debug|Any CPU
		{07545C09-A26D-447F-8CEE-F9565E3E3E07}.Release|Any CPU.ActiveCfg = Release|Any CPU
		{07545C09-A26D-447F-8CEE-F9565E3E3E07}.Release|Any CPU.Build.0 = Release|Any CPU
		{1F48BB1A-BF9E-4A53-9348-28C9AE129778}.Debug|Any CPU.ActiveCfg = Debug|Any CPU
		{1F48BB1A-BF9E-4A53-9348-28C9AE129778}.Debug|Any CPU.Build.0 = Debug|Any CPU
		{1F48BB1A-BF9E-4A53-9348-28C9AE129778}.Release|Any CPU.ActiveCfg = Release|Any CPU
		{1F48BB1A-BF9E-4A53-9348-28C9AE129778}.Release|Any CPU.Build.0 = Release|Any CPU
		{00818D1E-81B9-4993-AA29-1E069B2718DF}.Debug|Any CPU.ActiveCfg = Debug|Any CPU
		{00818D1E-81B9-4993-AA29-1E069B2718DF}.Debug|Any CPU.Build.0 = Debug|Any CPU
		{00818D1E-81B9-4993-AA29-1E069B2718DF}.Release|Any CPU.ActiveCfg = Release|Any CPU
		{00818D1E-81B9-4993-AA29-1E069B2718DF}.Release|Any CPU.Build.0 = Release|Any CPU
	EndGlobalSection
	GlobalSection(SolutionProperties) = preSolution
		HideSolutionNode = FALSE
	EndGlobalSection
	GlobalSection(ExtensibilityGlobals) = postSolution
		SolutionGuid = {561F0A49-41EC-4A85-A6F4-F2637F5EC725}
	EndGlobalSection
EndGlobal
